
Microsoft Visual Studio Solution File, Format Version 12.00
# Visual Studio 15
VisualStudioVersion = 15.0.26730.16
MinimumVisualStudioVersion = 10.0.40219.1
Project("{FAE04EC0-301F-11D3-BF4B-00C04F79EFBC}") = "LMDataBaseInitialConfig.ConsoleApp", "LMDataBaseInitialConfig.ConsoleApp\LMDataBaseInitialConfig.ConsoleApp.csproj", "{045B42FA-D984-4345-96F2-357B134D97E3}"
EndProject
Global
	GlobalSection(SolutionConfigurationPlatforms) = preSolution
		Debug|Any CPU = Debug|Any CPU
		Release|Any CPU = Release|Any CPU
	EndGlobalSection
	GlobalSection(ProjectConfigurationPlatforms) = postSolution
		{045B42FA-D984-4345-96F2-357B134D97E3}.Debug|Any CPU.ActiveCfg = Debug|Any CPU
		{045B42FA-D984-4345-96F2-357B134D97E3}.Debug|Any CPU.Build.0 = Debug|Any CPU
		{045B42FA-D984-4345-96F2-357B134D97E3}.Release|Any CPU.ActiveCfg = Release|Any CPU
		{045B42FA-D984-4345-96F2-357B134D97E3}.Release|Any CPU.Build.0 = Release|Any CPU
	EndGlobalSection
	GlobalSection(SolutionProperties) = preSolution
		HideSolutionNode = FALSE
	EndGlobalSection
	GlobalSection(ExtensibilityGlobals) = postSolution
		SolutionGuid = {5CBA7B12-8B0B-4439-BF1C-5F712429D66B}
	EndGlobalSection
EndGlobal
